
Microsoft Visual Studio Solution File, Format Version 12.00
# Visual Studio Version 16
VisualStudioVersion = 16.0.29009.5
MinimumVisualStudioVersion = 10.0.40219.1
Project("{FAE04EC0-301F-11D3-BF4B-00C04F79EFBC}") = "Quarto.Model", "Quarto.Model\Quarto.Model.csproj", "{9CB0C1DE-C768-4FA1-AE90-0C7A6651FF68}"
EndProject
Project("{FAE04EC0-301F-11D3-BF4B-00C04F79EFBC}") = "GameBase.Model", "..\..\game-base\src\GameBase.Model\GameBase.Model.csproj", "{45CFC74E-2B9D-4ED3-82EF-617E3F4404B2}"
EndProject
Project("{FAE04EC0-301F-11D3-BF4B-00C04F79EFBC}") = "QuartoConsole", "QuartoConsole\QuartoConsole.csproj", "{B8ACEDAF-70C7-4FD8-A3B8-83DA75EA18A2}"
EndProject
Project("{FAE04EC0-301F-11D3-BF4B-00C04F79EFBC}") = "Quarto.WPF", "Quarto.Wpf\Quarto.WPF.csproj", "{466548E1-A84E-4AFC-8087-A469C27EE3D7}"
EndProject
Project("{FAE04EC0-301F-11D3-BF4B-00C04F79EFBC}") = "GameBase.WPF", "..\..\game-base\src\GameBase.WPF\GameBase.WPF.csproj", "{8F81666E-B492-4817-80EB-6FBC955B3044}"
EndProject
Project("{FAE04EC0-301F-11D3-BF4B-00C04F79EFBC}") = "GameBase.Console", "..\..\game-base\src\GameBase.Console\GameBase.Console.csproj", "{BB28C9FD-64AA-4DE1-89F6-298312235045}"
EndProject
Project("{9A19103F-16F7-4668-BE54-9A1E7A4F7556}") = "temp", "temp\temp.csproj", "{D0E80997-08E7-4BD7-9043-D9D2A767A6FC}"
EndProject
Project("{9A19103F-16F7-4668-BE54-9A1E7A4F7556}") = "QuartoLambda", "QuartoLambda\QuartoLambda.csproj", "{5424028F-1994-48CC-8ADC-853B01267155}"
EndProject
Project("{9A19103F-16F7-4668-BE54-9A1E7A4F7556}") = "QuartoLambda.Tests", "QuartoLambda.Tests\QuartoLambda.Tests.csproj", "{6D7EAE73-03EA-4C97-BB32-0E82184BB25E}"
EndProject
Global
	GlobalSection(SolutionConfigurationPlatforms) = preSolution
		Debug|Any CPU = Debug|Any CPU
		Release|Any CPU = Release|Any CPU
	EndGlobalSection
	GlobalSection(ProjectConfigurationPlatforms) = postSolution
		{9CB0C1DE-C768-4FA1-AE90-0C7A6651FF68}.Debug|Any CPU.ActiveCfg = Debug|Any CPU
		{9CB0C1DE-C768-4FA1-AE90-0C7A6651FF68}.Debug|Any CPU.Build.0 = Debug|Any CPU
		{9CB0C1DE-C768-4FA1-AE90-0C7A6651FF68}.Release|Any CPU.ActiveCfg = Release|Any CPU
		{9CB0C1DE-C768-4FA1-AE90-0C7A6651FF68}.Release|Any CPU.Build.0 = Release|Any CPU
		{45CFC74E-2B9D-4ED3-82EF-617E3F4404B2}.Debug|Any CPU.ActiveCfg = Debug|Any CPU
		{45CFC74E-2B9D-4ED3-82EF-617E3F4404B2}.Debug|Any CPU.Build.0 = Debug|Any CPU
		{45CFC74E-2B9D-4ED3-82EF-617E3F4404B2}.Release|Any CPU.ActiveCfg = Release|Any CPU
		{45CFC74E-2B9D-4ED3-82EF-617E3F4404B2}.Release|Any CPU.Build.0 = Release|Any CPU
		{B8ACEDAF-70C7-4FD8-A3B8-83DA75EA18A2}.Debug|Any CPU.ActiveCfg = Debug|Any CPU
		{B8ACEDAF-70C7-4FD8-A3B8-83DA75EA18A2}.Debug|Any CPU.Build.0 = Debug|Any CPU
		{B8ACEDAF-70C7-4FD8-A3B8-83DA75EA18A2}.Release|Any CPU.ActiveCfg = Release|Any CPU
		{B8ACEDAF-70C7-4FD8-A3B8-83DA75EA18A2}.Release|Any CPU.Build.0 = Release|Any CPU
		{466548E1-A84E-4AFC-8087-A469C27EE3D7}.Debug|Any CPU.ActiveCfg = Debug|Any CPU
		{466548E1-A84E-4AFC-8087-A469C27EE3D7}.Debug|Any CPU.Build.0 = Debug|Any CPU
		{466548E1-A84E-4AFC-8087-A469C27EE3D7}.Release|Any CPU.ActiveCfg = Release|Any CPU
		{466548E1-A84E-4AFC-8087-A469C27EE3D7}.Release|Any CPU.Build.0 = Release|Any CPU
		{8F81666E-B492-4817-80EB-6FBC955B3044}.Debug|Any CPU.ActiveCfg = Debug|Any CPU
		{8F81666E-B492-4817-80EB-6FBC955B3044}.Debug|Any CPU.Build.0 = Debug|Any CPU
		{8F81666E-B492-4817-80EB-6FBC955B3044}.Release|Any CPU.ActiveCfg = Release|Any CPU
		{8F81666E-B492-4817-80EB-6FBC955B3044}.Release|Any CPU.Build.0 = Release|Any CPU
		{BB28C9FD-64AA-4DE1-89F6-298312235045}.Debug|Any CPU.ActiveCfg = Debug|Any CPU
		{BB28C9FD-64AA-4DE1-89F6-298312235045}.Debug|Any CPU.Build.0 = Debug|Any CPU
		{BB28C9FD-64AA-4DE1-89F6-298312235045}.Release|Any CPU.ActiveCfg = Release|Any CPU
		{BB28C9FD-64AA-4DE1-89F6-298312235045}.Release|Any CPU.Build.0 = Release|Any CPU
		{D0E80997-08E7-4BD7-9043-D9D2A767A6FC}.Debug|Any CPU.ActiveCfg = Debug|Any CPU
		{D0E80997-08E7-4BD7-9043-D9D2A767A6FC}.Debug|Any CPU.Build.0 = Debug|Any CPU
		{D0E80997-08E7-4BD7-9043-D9D2A767A6FC}.Release|Any CPU.ActiveCfg = Release|Any CPU
		{D0E80997-08E7-4BD7-9043-D9D2A767A6FC}.Release|Any CPU.Build.0 = Release|Any CPU
		{5424028F-1994-48CC-8ADC-853B01267155}.Debug|Any CPU.ActiveCfg = Debug|Any CPU
		{5424028F-1994-48CC-8ADC-853B01267155}.Debug|Any CPU.Build.0 = Debug|Any CPU
		{5424028F-1994-48CC-8ADC-853B01267155}.Release|Any CPU.ActiveCfg = Release|Any CPU
		{5424028F-1994-48CC-8ADC-853B01267155}.Release|Any CPU.Build.0 = Release|Any CPU
		{6D7EAE73-03EA-4C97-BB32-0E82184BB25E}.Debug|Any CPU.ActiveCfg = Debug|Any CPU
		{6D7EAE73-03EA-4C97-BB32-0E82184BB25E}.Debug|Any CPU.Build.0 = Debug|Any CPU
		{6D7EAE73-03EA-4C97-BB32-0E82184BB25E}.Release|Any CPU.ActiveCfg = Release|Any CPU
		{6D7EAE73-03EA-4C97-BB32-0E82184BB25E}.Release|Any CPU.Build.0 = Release|Any CPU
	EndGlobalSection
	GlobalSection(SolutionProperties) = preSolution
		HideSolutionNode = FALSE
	EndGlobalSection
	GlobalSection(ExtensibilityGlobals) = postSolution
		SolutionGuid = {162FE659-EFDD-4682-B984-7B5CBB2C6ECB}
	EndGlobalSection
EndGlobal
